Microsoft Visual Studio Solution File, Format Version 12.00
# 
Project("{FAE04EC0-301F-11D3-BF4B-00C04F79EFBC}") = "Jellyfin.Plugin.KinopoiskWhiteList", "Jellyfin.Plugin.KinopoiskWhiteList\Jellyfin.Plugin.KinopoiskWhiteList.csproj", "{D50DE9FB-FDEE-4038-9515-33C4940E653E}"
EndProject
Global
	GlobalSection(SolutionConfigurationPlatforms) = preSolution
		Debug|Any CPU = Debug|Any CPU
		Debug|x64 = Debug|x64
		Debug|x86 = Debug|x86
		Release|Any CPU = Release|Any CPU
		Release|x64 = Release|x64
		Release|x86 = Release|x86
	EndGlobalSection
	GlobalSection(ProjectConfigurationPlatforms) = postSolution
		{D50DE9FB-FDEE-4038-9515-33C4940E653E}.Debug|Any CPU.ActiveCfg = Debug|Any CPU
		{D50DE9FB-FDEE-4038-9515-33C4940E653E}.Debug|Any CPU.Build.0 = Debug|Any CPU
		{D50DE9FB-FDEE-4038-9515-33C4940E653E}.Debug|x64.ActiveCfg = Debug|Any CPU
		{D50DE9FB-FDEE-4038-9515-33C4940E653E}.Debug|x64.Build.0 = Debug|Any CPU
		{D50DE9FB-FDEE-4038-9515-33C4940E653E}.Debug|x86.ActiveCfg = Debug|Any CPU
		{D50DE9FB-FDEE-4038-9515-33C4940E653E}.Debug|x86.Build.0 = Debug|Any CPU
		{D50DE9FB-FDEE-4038-9515-33C4940E653E}.Release|Any CPU.ActiveCfg = Release|Any CPU
		{D50DE9FB-FDEE-4038-9515-33C4940E653E}.Release|Any CPU.Build.0 = Release|Any CPU
		{D50DE9FB-FDEE-4038-9515-33C4940E653E}.Release|x64.ActiveCfg = Release|Any CPU
		{D50DE9FB-FDEE-4038-9515-33C4940E653E}.Release|x64.Build.0 = Release|Any CPU
		{D50DE9FB-FDEE-4038-9515-33C4940E653E}.Release|x86.ActiveCfg = Release|Any CPU
		{D50DE9FB-FDEE-4038-9515-33C4940E653E}.Release|x86.Build.0 = Release|Any CPU
	EndGlobalSection
EndGlobal
